
Microsoft Visual Studio Solution File, Format Version 12.00
# Visual Studio Version 17
VisualStudioVersion = 17.6.33815.320
MinimumVisualStudioVersion = 10.0.40219.1
Project("{FAE04EC0-301F-11D3-BF4B-00C04F79EFBC}") = "QuanLyNhanSu", "QuanLyNhanSu\QuanLyNhanSu.csproj", "{C734CF12-159C-4AB3-A67E-71007109FCD5}"
EndProject
Project("{FAE04EC0-301F-11D3-BF4B-00C04F79EFBC}") = "DTO", "DTO\DTO.csproj", "{F325B969-4598-4150-8E18-A361297E4F3B}"
EndProject
Project("{FAE04EC0-301F-11D3-BF4B-00C04F79EFBC}") = "DAO", "DAO\DAO.csproj", "{46075D53-B955-40E7-A8B8-187784D9846F}"
EndProject
Project("{FAE04EC0-301F-11D3-BF4B-00C04F79EFBC}") = "BUS", "BUS\BUS.csproj", "{03DDF6D3-C00B-44B2-A499-77AFFFEFFD37}"
EndProject
Global
	GlobalSection(SolutionConfigurationPlatforms) = preSolution
		Debug|Any CPU = Debug|Any CPU
		Release|Any CPU = Release|Any CPU
	EndGlobalSection
	GlobalSection(ProjectConfigurationPlatforms) = postSolution
		{C734CF12-159C-4AB3-A67E-71007109FCD5}.Debug|Any CPU.ActiveCfg = Debug|Any CPU
		{C734CF12-159C-4AB3-A67E-71007109FCD5}.Debug|Any CPU.Build.0 = Debug|Any CPU
		{C734CF12-159C-4AB3-A67E-71007109FCD5}.Release|Any CPU.ActiveCfg = Release|Any CPU
		{C734CF12-159C-4AB3-A67E-71007109FCD5}.Release|Any CPU.Build.0 = Release|Any CPU
		{F325B969-4598-4150-8E18-A361297E4F3B}.Debug|Any CPU.ActiveCfg = Debug|Any CPU
		{F325B969-4598-4150-8E18-A361297E4F3B}.Debug|Any CPU.Build.0 = Debug|Any CPU
		{F325B969-4598-4150-8E18-A361297E4F3B}.Release|Any CPU.ActiveCfg = Release|Any CPU
		{F325B969-4598-4150-8E18-A361297E4F3B}.Release|Any CPU.Build.0 = Release|Any CPU
		{46075D53-B955-40E7-A8B8-187784D9846F}.Debug|Any CPU.ActiveCfg = Debug|Any CPU
		{46075D53-B955-40E7-A8B8-187784D9846F}.Debug|Any CPU.Build.0 = Debug|Any CPU
		{46075D53-B955-40E7-A8B8-187784D9846F}.Release|Any CPU.ActiveCfg = Release|Any CPU
		{46075D53-B955-40E7-A8B8-187784D9846F}.Release|Any CPU.Build.0 = Release|Any CPU
		{03DDF6D3-C00B-44B2-A499-77AFFFEFFD37}.Debug|Any CPU.ActiveCfg = Debug|Any CPU
		{03DDF6D3-C00B-44B2-A499-77AFFFEFFD37}.Debug|Any CPU.Build.0 = Debug|Any CPU
		{03DDF6D3-C00B-44B2-A499-77AFFFEFFD37}.Release|Any CPU.ActiveCfg = Release|Any CPU
		{03DDF6D3-C00B-44B2-A499-77AFFFEFFD37}.Release|Any CPU.Build.0 = Release|Any CPU
	EndGlobalSection
	GlobalSection(SolutionProperties) = preSolution
		HideSolutionNode = FALSE
	EndGlobalSection
	GlobalSection(ExtensibilityGlobals) = postSolution
		SolutionGuid = {9016662A-5CA6-4F1A-B332-EFEFB8EA9DF4}
	EndGlobalSection
EndGlobal
